
Microsoft Visual Studio Solution File, Format Version 12.00
# Visual Studio Version 17
VisualStudioVersion = 17.14.36811.4
MinimumVisualStudioVersion = 10.0.40219.1
Project("{FAE04EC0-301F-11D3-BF4B-00C04F79EFBC}") = "ProcessManagerWpfApp", "ProcessManagerWpfApp\ProcessManagerWpfApp.csproj", "{587BAD30-F481-E046-23F9-8FC1121426EB}"
EndProject
Global
	GlobalSection(SolutionConfigurationPlatforms) = preSolution
		Debug|Any CPU = Debug|Any CPU
		Release|Any CPU = Release|Any CPU
	EndGlobalSection
	GlobalSection(ProjectConfigurationPlatforms) = postSolution
		{587BAD30-F481-E046-23F9-8FC1121426EB}.Debug|Any CPU.ActiveCfg = Debug|Any CPU
		{587BAD30-F481-E046-23F9-8FC1121426EB}.Debug|Any CPU.Build.0 = Debug|Any CPU
		{587BAD30-F481-E046-23F9-8FC1121426EB}.Release|Any CPU.ActiveCfg = Release|Any CPU
		{587BAD30-F481-E046-23F9-8FC1121426EB}.Release|Any CPU.Build.0 = Release|Any CPU
	EndGlobalSection
	GlobalSection(SolutionProperties) = preSolution
		HideSolutionNode = FALSE
	EndGlobalSection
	GlobalSection(ExtensibilityGlobals) = postSolution
		SolutionGuid = {126D3BDA-AA03-46F2-B173-186C72B28D20}
	EndGlobalSection
EndGlobal
